
Microsoft Visual Studio Solution File, Format Version 12.00
# Visual Studio Version 17
VisualStudioVersion = 17.7.34031.279
MinimumVisualStudioVersion = 10.0.40219.1
Project("{FAE04EC0-301F-11D3-BF4B-00C04F79EFBC}") = "AppThing", "AppThing\AppThing.csproj", "{7091CF9E-6B96-4566-B5E9-62090469A836}"
EndProject
Project("{FAE04EC0-301F-11D3-BF4B-00C04F79EFBC}") = "Unit Tests", "Unit Tests\Unit Tests.csproj", "{C04FEE3E-52CC-40CF-82CE-3608387FA43E}"
EndProject
Global
	GlobalSection(SolutionConfigurationPlatforms) = preSolution
		Debug|Any CPU = Debug|Any CPU
		Release|Any CPU = Release|Any CPU
	EndGlobalSection
	GlobalSection(ProjectConfigurationPlatforms) = postSolution
		{7091CF9E-6B96-4566-B5E9-62090469A836}.Debug|Any CPU.ActiveCfg = Debug|Any CPU
		{7091CF9E-6B96-4566-B5E9-62090469A836}.Debug|Any CPU.Build.0 = Debug|Any CPU
		{7091CF9E-6B96-4566-B5E9-62090469A836}.Release|Any CPU.ActiveCfg = Release|Any CPU
		{7091CF9E-6B96-4566-B5E9-62090469A836}.Release|Any CPU.Build.0 = Release|Any CPU
		{C04FEE3E-52CC-40CF-82CE-3608387FA43E}.Debug|Any CPU.ActiveCfg = Debug|Any CPU
		{C04FEE3E-52CC-40CF-82CE-3608387FA43E}.Debug|Any CPU.Build.0 = Debug|Any CPU
		{C04FEE3E-52CC-40CF-82CE-3608387FA43E}.Release|Any CPU.ActiveCfg = Release|Any CPU
		{C04FEE3E-52CC-40CF-82CE-3608387FA43E}.Release|Any CPU.Build.0 = Release|Any CPU
	EndGlobalSection
	GlobalSection(SolutionProperties) = preSolution
		HideSolutionNode = FALSE
	EndGlobalSection
	GlobalSection(ExtensibilityGlobals) = postSolution
		SolutionGuid = {000A2F40-5B55-4564-832C-F79AB6B9FCB2}
	EndGlobalSection
EndGlobal
