
Microsoft Visual Studio Solution File, Format Version 12.00
# Visual Studio Version 17
VisualStudioVersion = 17.7.34024.191
MinimumVisualStudioVersion = 10.0.40219.1
Project("{FAE04EC0-301F-11D3-BF4B-00C04F79EFBC}") = "Calculations", "Calculations\Calculations.csproj", "{44FAB4EE-7B3F-480D-9808-8B48C6112E05}"
EndProject
Global
	GlobalSection(SolutionConfigurationPlatforms) = preSolution
		Debug|Any CPU = Debug|Any CPU
		Release|Any CPU = Release|Any CPU
	EndGlobalSection
	GlobalSection(ProjectConfigurationPlatforms) = postSolution
		{44FAB4EE-7B3F-480D-9808-8B48C6112E05}.Debug|Any CPU.ActiveCfg = Debug|Any CPU
		{44FAB4EE-7B3F-480D-9808-8B48C6112E05}.Debug|Any CPU.Build.0 = Debug|Any CPU
		{44FAB4EE-7B3F-480D-9808-8B48C6112E05}.Release|Any CPU.ActiveCfg = Release|Any CPU
		{44FAB4EE-7B3F-480D-9808-8B48C6112E05}.Release|Any CPU.Build.0 = Release|Any CPU
	EndGlobalSection
	GlobalSection(SolutionProperties) = preSolution
		HideSolutionNode = FALSE
	EndGlobalSection
	GlobalSection(ExtensibilityGlobals) = postSolution
		SolutionGuid = {5903D47D-9708-4B87-8144-412682CFA116}
	EndGlobalSection
EndGlobal
